<?xml version="1.0" encoding="utf-8"?>
<Project ToolsVersion="4.0" xmlns="http://schemas.microsoft.com/developer/msbuild/2003">
  <ItemGroup>
    <Filter Include="Source Files">
      <UniqueIdentifier>{4FC737F1-C7A5-4376-A066-2A32D752A2FF}</UniqueIdentifier>
      <Extensions>cpp;c;cc;cxx;def;odl;idl;hpj;bat;asm;asmx</Extensions>
    </Filter>
    <Filter Include="Header Files">
      <UniqueIdentifier>{93995380-89BD-4b04-88EB-625FBE52EBFB}</UniqueIdentifier>
      <Extensions>h;hh;hpp;hxx;hm;inl;inc;xsd</Extensions>
    </Filter>
    <Filter Include="Resource Files">
      <UniqueIdentifier>{67DA6AB6-F800-4c08-8B7A-83BB121AAD01}</UniqueIdentifier>
      <Extensions>rc;ico;cur;bmp;dlg;rc2;rct;bin;rgs;gif;jpg;jpeg;jpe;resx;tiff;tif;png;wav;mfcribbon-ms</Extensions>
    </Filter>
    <Filter Include="Core">
      <UniqueIdentifier>{cef7c08f-0712-48a5-8e55-24be810af95f}</UniqueIdentifier>
    </Filter>
    <Filter Include="Model">
      <UniqueIdentifier>{9253b6b4-f60c-4678-8a6a-fe368fcf1ea5}</UniqueIdentifier>
    </Filter>
    <Filter Include="Trash">
      <UniqueIdentifier>{6f3d1d32-1d1b-48b0-9f84-7a37195fddce}</UniqueIdentifier>
    </Filter>
    <Filter Include="Control">
      <UniqueIdentifier>{164c0588-c794-44d2-8a62-41df2a4a7dd4}</UniqueIdentifier>
    </Filter>
    <Filter Include="Util">
      <UniqueIdentifier>{feebceb4-aaae-438d-944e-4f1519cb31e1}</UniqueIdentifier>
    </Filter>
    <Filter Include="World">
      <UniqueIdentifier>{9c387f86-7168-4d32-953f-09b80c0dac1c}</UniqueIdentifier>
    </Filter>
    <Filter Include="Screen">
      <UniqueIdentifier>{a84b52a2-77f0-4494-a2f3-8f7281c58b06}</UniqueIdentifier>
    </Filter>
    <Filter Include="Model\Mob">
      <UniqueIdentifier>{17f5a786-7431-49eb-814a-30974400c4d1}</UniqueIdentifier>
    </Filter>
    <Filter Include="Model\Mob\StateAIFSM">
      <UniqueIdentifier>{49d56e9f-2ba0-41f4-8d39-4719d436e638}</UniqueIdentifier>
    </Filter>
  </ItemGroup>
  <ItemGroup>
    <Text Include="ReadMe.txt" />
  </ItemGroup>
  <ItemGroup>
    <ClInclude Include="stdafx.h">
      <Filter>Header Files</Filter>
    </ClInclude>
    <ClInclude Include="targetver.h">
      <Filter>Header Files</Filter>
    </ClInclude>
    <ClInclude Include="Resource.h">
      <Filter>Header Files</Filter>
    </ClInclude>
    <ClInclude Include="DreamCoastD2D.h">
      <Filter>Header Files</Filter>
    </ClInclude>
    <ClInclude Include="cGameApplication.h">
      <Filter>Core</Filter>
    </ClInclude>
    <ClInclude Include="cD2DRenderer.h">
      <Filter>Core</Filter>
    </ClInclude>
    <ClInclude Include="cGameManager.h">
      <Filter>Core</Filter>
    </ClInclude>
    <ClInclude Include="cIGameMgr.h">
      <Filter>Core</Filter>
    </ClInclude>
    <ClInclude Include="mIObject.h">
      <Filter>Model</Filter>
    </ClInclude>
    <ClInclude Include="mPlayer.h">
      <Filter>Model</Filter>
    </ClInclude>
    <ClInclude Include="coControl.h">
      <Filter>Control</Filter>
    </ClInclude>
    <ClInclude Include="VECTOR2D.h">
      <Filter>Util</Filter>
    </ClInclude>
    <ClInclude Include="uSprite.h">
      <Filter>Util</Filter>
    </ClInclude>
    <ClInclude Include="uTile.h">
      <Filter>Util</Filter>
    </ClInclude>
    <ClInclude Include="sGameScreen.h">
      <Filter>Screen</Filter>
    </ClInclude>
    <ClInclude Include="sIScreen.h">
      <Filter>Screen</Filter>
    </ClInclude>
    <ClInclude Include="wWorld.h">
      <Filter>World</Filter>
    </ClInclude>
    <ClInclude Include="wTileMap.h">
      <Filter>World</Filter>
    </ClInclude>
    <ClInclude Include="mMonster.h">
      <Filter>Model\Mob</Filter>
    </ClInclude>
    <ClInclude Include="aiState.h">
      <Filter>Model\Mob\StateAIFSM</Filter>
    </ClInclude>
    <ClInclude Include="uCamera.h">
      <Filter>Util</Filter>
    </ClInclude>
    <ClInclude Include="aiStateOnHit.h">
      <Filter>Model\Mob\StateAIFSM</Filter>
    </ClInclude>
    <ClInclude Include="aiStateIdle.h">
      <Filter>Model\Mob\StateAIFSM</Filter>
    </ClInclude>
    <ClInclude Include="aiStateDead.h">
      <Filter>Model\Mob\StateAIFSM</Filter>
    </ClInclude>
  </ItemGroup>
  <ItemGroup>
    <ClCompile Include="stdafx.cpp">
      <Filter>Source Files</Filter>
    </ClCompile>
    <ClCompile Include="DreamCoastD2D.cpp">
      <Filter>Source Files</Filter>
    </ClCompile>
    <ClCompile Include="cGameApplication.cpp">
      <Filter>Core</Filter>
    </ClCompile>
    <ClCompile Include="cD2DRenderer.cpp">
      <Filter>Core</Filter>
    </ClCompile>
    <ClCompile Include="cGameManager.cpp">
      <Filter>Core</Filter>
    </ClCompile>
    <ClCompile Include="cIGameMgr.cpp">
      <Filter>Core</Filter>
    </ClCompile>
    <ClCompile Include="mIObject.cpp">
      <Filter>Model</Filter>
    </ClCompile>
    <ClCompile Include="mPlayer.cpp">
      <Filter>Model</Filter>
    </ClCompile>
    <ClCompile Include="Trash.cpp">
      <Filter>Trash</Filter>
    </ClCompile>
    <ClCompile Include="coControl.cpp">
      <Filter>Control</Filter>
    </ClCompile>
    <ClCompile Include="VECTOR2D.cpp">
      <Filter>Util</Filter>
    </ClCompile>
    <ClCompile Include="uSprite.cpp">
      <Filter>Util</Filter>
    </ClCompile>
    <ClCompile Include="uTile.cpp">
      <Filter>Util</Filter>
    </ClCompile>
    <ClCompile Include="sGameScreen.cpp">
      <Filter>Screen</Filter>
    </ClCompile>
    <ClCompile Include="sIScreen.cpp">
      <Filter>Screen</Filter>
    </ClCompile>
    <ClCompile Include="wWorld.cpp">
      <Filter>World</Filter>
    </ClCompile>
    <ClCompile Include="wTileMap.cpp">
      <Filter>World</Filter>
    </ClCompile>
    <ClCompile Include="mMonster.cpp">
      <Filter>Model\Mob</Filter>
    </ClCompile>
    <ClCompile Include="aiState.cpp">
      <Filter>Model\Mob\StateAIFSM</Filter>
    </ClCompile>
    <ClCompile Include="uCamera.cpp">
      <Filter>Util</Filter>
    </ClCompile>
    <ClCompile Include="aiStateOnHit.cpp">
      <Filter>Model\Mob\StateAIFSM</Filter>
    </ClCompile>
    <ClCompile Include="aiStateIdle.cpp">
      <Filter>Model\Mob\StateAIFSM</Filter>
    </ClCompile>
    <ClCompile Include="aiStateDead.cpp">
      <Filter>Model\Mob\StateAIFSM</Filter>
    </ClCompile>
  </ItemGroup>
  <ItemGroup>
    <ResourceCompile Include="DreamCoastD2D.rc">
      <Filter>Resource Files</Filter>
    </ResourceCompile>
  </ItemGroup>
  <ItemGroup>
    <Image Include="small.ico">
      <Filter>Resource Files</Filter>
    </Image>
    <Image Include="DreamCoastD2D.ico">
      <Filter>Resource Files</Filter>
    </Image>
  </ItemGroup>
</Project>