<?xml version="1.0" encoding="utf-8"?>
<Project ToolsVersion="4.0" xmlns="http://schemas.microsoft.com/developer/msbuild/2003">
  <ItemGroup>
    <Filter Include="Resource Files">
      <UniqueIdentifier>{67DA6AB6-F800-4c08-8B7A-83BB121AAD01}</UniqueIdentifier>
      <Extensions>rc;ico;cur;bmp;dlg;rc2;rct;bin;rgs;gif;jpg;jpeg;jpe;resx;tiff;tif;png;wav;mfcribbon-ms</Extensions>
    </Filter>
    <Filter Include="Core">
      <UniqueIdentifier>{cef7c08f-0712-48a5-8e55-24be810af95f}</UniqueIdentifier>
    </Filter>
    <Filter Include="Model">
      <UniqueIdentifier>{9253b6b4-f60c-4678-8a6a-fe368fcf1ea5}</UniqueIdentifier>
    </Filter>
    <Filter Include="Trash">
      <UniqueIdentifier>{6f3d1d32-1d1b-48b0-9f84-7a37195fddce}</UniqueIdentifier>
    </Filter>
    <Filter Include="Control">
      <UniqueIdentifier>{164c0588-c794-44d2-8a62-41df2a4a7dd4}</UniqueIdentifier>
    </Filter>
    <Filter Include="Util">
      <UniqueIdentifier>{feebceb4-aaae-438d-944e-4f1519cb31e1}</UniqueIdentifier>
    </Filter>
    <Filter Include="aMain">
      <UniqueIdentifier>{7a0dfb9b-faa0-4617-8b99-03e601e6416f}</UniqueIdentifier>
    </Filter>
    <Filter Include="AIStateFSM">
      <UniqueIdentifier>{49d56e9f-2ba0-41f4-8d39-4719d436e638}</UniqueIdentifier>
    </Filter>
    <Filter Include="Model\Item">
      <UniqueIdentifier>{2547eb39-8bb2-48d5-b8ec-0dbfde447365}</UniqueIdentifier>
    </Filter>
    <Filter Include="Model\Screen">
      <UniqueIdentifier>{a84b52a2-77f0-4494-a2f3-8f7281c58b06}</UniqueIdentifier>
    </Filter>
    <Filter Include="Model\Screen\UI">
      <UniqueIdentifier>{19e322b1-99c5-475d-beb5-848ba08118c0}</UniqueIdentifier>
    </Filter>
    <Filter Include="Model\Screen\InScreenUI">
      <UniqueIdentifier>{d14fdf2a-7829-468d-bc31-4553745aec4a}</UniqueIdentifier>
    </Filter>
    <Filter Include="Model\Screen\World">
      <UniqueIdentifier>{9c387f86-7168-4d32-953f-09b80c0dac1c}</UniqueIdentifier>
    </Filter>
    <Filter Include="Model\Character">
      <UniqueIdentifier>{73856d1a-5927-4b84-ad27-a7849c737081}</UniqueIdentifier>
    </Filter>
    <Filter Include="Model\Character\Mob">
      <UniqueIdentifier>{17f5a786-7431-49eb-814a-30974400c4d1}</UniqueIdentifier>
    </Filter>
    <Filter Include="Model\Character\Player State">
      <UniqueIdentifier>{267531aa-aa14-41ef-b6a3-feedb128522a}</UniqueIdentifier>
    </Filter>
    <Filter Include="Model\Inventory">
      <UniqueIdentifier>{a7170233-6e79-41be-a6e2-9a0339684b4f}</UniqueIdentifier>
    </Filter>
    <Filter Include="Model\Character\Player">
      <UniqueIdentifier>{83018bac-df0e-4d3b-b7a6-23c793bdc840}</UniqueIdentifier>
    </Filter>
    <Filter Include="Model\GFX">
      <UniqueIdentifier>{e7ed93cf-dd6d-46ae-b026-63d23b6e75dd}</UniqueIdentifier>
    </Filter>
    <Filter Include="Model\GFX\Effect">
      <UniqueIdentifier>{95e3f071-2869-4a3e-bd31-bb6712a1b9d1}</UniqueIdentifier>
    </Filter>
    <Filter Include="Model\Screen\Screen">
      <UniqueIdentifier>{62730ecd-331e-4b9d-9567-177154be5c73}</UniqueIdentifier>
    </Filter>
    <Filter Include="Model\MapObject">
      <UniqueIdentifier>{7971afb7-23dd-4a8d-a085-e80cefac2034}</UniqueIdentifier>
    </Filter>
  </ItemGroup>
  <ItemGroup>
    <Text Include="ReadMe.txt" />
  </ItemGroup>
  <ItemGroup>
    <ClInclude Include="cGameApplication.h">
      <Filter>Core</Filter>
    </ClInclude>
    <ClInclude Include="cD2DRenderer.h">
      <Filter>Core</Filter>
    </ClInclude>
    <ClInclude Include="cGameManager.h">
      <Filter>Core</Filter>
    </ClInclude>
    <ClInclude Include="cIGameMgr.h">
      <Filter>Core</Filter>
    </ClInclude>
    <ClInclude Include="coControl.h">
      <Filter>Control</Filter>
    </ClInclude>
    <ClInclude Include="VECTOR2D.h">
      <Filter>Util</Filter>
    </ClInclude>
    <ClInclude Include="uSprite.h">
      <Filter>Util</Filter>
    </ClInclude>
    <ClInclude Include="uTile.h">
      <Filter>Util</Filter>
    </ClInclude>
    <ClInclude Include="wWorld.h">
      <Filter>Model\Screen\World</Filter>
    </ClInclude>
    <ClInclude Include="wTileMap.h">
      <Filter>Model\Screen\World</Filter>
    </ClInclude>
    <ClInclude Include="mMonster.h">
      <Filter>Model\Character\Mob</Filter>
    </ClInclude>
    <ClInclude Include="aiState.h">
      <Filter>AIStateFSM</Filter>
    </ClInclude>
    <ClInclude Include="uCamera.h">
      <Filter>Util</Filter>
    </ClInclude>
    <ClInclude Include="aiStateOnHit.h">
      <Filter>AIStateFSM</Filter>
    </ClInclude>
    <ClInclude Include="aiStateIdle.h">
      <Filter>AIStateFSM</Filter>
    </ClInclude>
    <ClInclude Include="aiStateDead.h">
      <Filter>AIStateFSM</Filter>
    </ClInclude>
    <ClInclude Include="aiStateMoveto.h">
      <Filter>AIStateFSM</Filter>
    </ClInclude>
    <ClInclude Include="aiStateScan.h">
      <Filter>AIStateFSM</Filter>
    </ClInclude>
    <ClInclude Include="aiStateAttack.h">
      <Filter>AIStateFSM</Filter>
    </ClInclude>
    <ClInclude Include="DreamCoastD2D.h">
      <Filter>aMain</Filter>
    </ClInclude>
    <ClInclude Include="Resource.h">
      <Filter>aMain</Filter>
    </ClInclude>
    <ClInclude Include="stdafx.h">
      <Filter>aMain</Filter>
    </ClInclude>
    <ClInclude Include="targetver.h">
      <Filter>aMain</Filter>
    </ClInclude>
    <ClInclude Include="piState.h">
      <Filter>Model\Character\Player State</Filter>
    </ClInclude>
    <ClInclude Include="pStateIdle.h">
      <Filter>Model\Character\Player State</Filter>
    </ClInclude>
    <ClInclude Include="uiInterface.h">
      <Filter>Model\Screen\UI</Filter>
    </ClInclude>
    <ClInclude Include="uiPlayerStatBar.h">
      <Filter>Model\Screen\UI</Filter>
    </ClInclude>
    <ClInclude Include="uiGameMiniMap.h">
      <Filter>Model\Screen\UI</Filter>
    </ClInclude>
    <ClInclude Include="cResourceManager.h">
      <Filter>Core</Filter>
    </ClInclude>
    <ClInclude Include="Singleton.h">
      <Filter>aMain</Filter>
    </ClInclude>
    <ClInclude Include="uiButton.h">
      <Filter>Model\Screen\UI</Filter>
    </ClInclude>
    <ClInclude Include="InGameUI.h">
      <Filter>Model\Screen\InScreenUI</Filter>
    </ClInclude>
    <ClInclude Include="InMainUI.h">
      <Filter>Model\Screen\InScreenUI</Filter>
    </ClInclude>
    <ClInclude Include="iInScreenUI.h">
      <Filter>Model\Screen\InScreenUI</Filter>
    </ClInclude>
    <ClInclude Include="cResourceID.h">
      <Filter>Core</Filter>
    </ClInclude>
    <ClInclude Include="uiMenu.h">
      <Filter>Model\Screen\UI</Filter>
    </ClInclude>
    <ClInclude Include="cSoundManager.h">
      <Filter>Core</Filter>
    </ClInclude>
    <ClInclude Include="mItem.h">
      <Filter>Model\Item</Filter>
    </ClInclude>
    <ClInclude Include="mCharacter.h">
      <Filter>Model\Character</Filter>
    </ClInclude>
    <ClInclude Include="IGObject.h">
      <Filter>Model\Character</Filter>
    </ClInclude>
    <ClInclude Include="mEquipped.h">
      <Filter>Model\Inventory</Filter>
    </ClInclude>
    <ClInclude Include="mInventory.h">
      <Filter>Model\Inventory</Filter>
    </ClInclude>
    <ClInclude Include="IInventory.h">
      <Filter>Model\Inventory</Filter>
    </ClInclude>
    <ClInclude Include="uiBelt.h">
      <Filter>Model\Screen\UI</Filter>
    </ClInclude>
    <ClInclude Include="mPlayer.h">
      <Filter>Model\Character\Player</Filter>
    </ClInclude>
    <ClInclude Include="DB_Skill_Area_List.h">
      <Filter>Model\Character\Player</Filter>
    </ClInclude>
    <ClInclude Include="IItem.h">
      <Filter>Model\Item</Filter>
    </ClInclude>
    <ClInclude Include="uiInventory.h">
      <Filter>Model\Screen\UI</Filter>
    </ClInclude>
    <ClInclude Include="uiStat.h">
      <Filter>Model\Screen\UI</Filter>
    </ClInclude>
    <ClInclude Include="uiInGameMenu.h">
      <Filter>Model\Screen\UI</Filter>
    </ClInclude>
    <ClInclude Include="mGFX.h">
      <Filter>Model\GFX</Filter>
    </ClInclude>
    <ClInclude Include="mEffect.h">
      <Filter>Model\GFX\Effect</Filter>
    </ClInclude>
    <ClInclude Include="IEffect.h">
      <Filter>Model\GFX\Effect</Filter>
    </ClInclude>
    <ClInclude Include="sEditScreen.h">
      <Filter>Model\Screen\Screen</Filter>
    </ClInclude>
    <ClInclude Include="sGameScreen.h">
      <Filter>Model\Screen\Screen</Filter>
    </ClInclude>
    <ClInclude Include="sIScreen.h">
      <Filter>Model\Screen\Screen</Filter>
    </ClInclude>
    <ClInclude Include="sMainMenuScreen.h">
      <Filter>Model\Screen\Screen</Filter>
    </ClInclude>
    <ClInclude Include="sResourceLoad.h">
      <Filter>Model\Screen\Screen</Filter>
    </ClInclude>
    <ClInclude Include="uFileControl.h">
      <Filter>Util</Filter>
    </ClInclude>
    <ClInclude Include="mObjManager.h">
      <Filter>Model\MapObject</Filter>
    </ClInclude>
    <ClInclude Include="IMapObject.h">
      <Filter>Model\MapObject</Filter>
    </ClInclude>
  </ItemGroup>
  <ItemGroup>
    <ClCompile Include="cGameApplication.cpp">
      <Filter>Core</Filter>
    </ClCompile>
    <ClCompile Include="cD2DRenderer.cpp">
      <Filter>Core</Filter>
    </ClCompile>
    <ClCompile Include="cGameManager.cpp">
      <Filter>Core</Filter>
    </ClCompile>
    <ClCompile Include="cIGameMgr.cpp">
      <Filter>Core</Filter>
    </ClCompile>
    <ClCompile Include="Trash.cpp">
      <Filter>Trash</Filter>
    </ClCompile>
    <ClCompile Include="coControl.cpp">
      <Filter>Control</Filter>
    </ClCompile>
    <ClCompile Include="VECTOR2D.cpp">
      <Filter>Util</Filter>
    </ClCompile>
    <ClCompile Include="uSprite.cpp">
      <Filter>Util</Filter>
    </ClCompile>
    <ClCompile Include="uTile.cpp">
      <Filter>Util</Filter>
    </ClCompile>
    <ClCompile Include="wWorld.cpp">
      <Filter>Model\Screen\World</Filter>
    </ClCompile>
    <ClCompile Include="wTileMap.cpp">
      <Filter>Model\Screen\World</Filter>
    </ClCompile>
    <ClCompile Include="mMonster.cpp">
      <Filter>Model\Character\Mob</Filter>
    </ClCompile>
    <ClCompile Include="aiState.cpp">
      <Filter>AIStateFSM</Filter>
    </ClCompile>
    <ClCompile Include="uCamera.cpp">
      <Filter>Util</Filter>
    </ClCompile>
    <ClCompile Include="aiStateOnHit.cpp">
      <Filter>AIStateFSM</Filter>
    </ClCompile>
    <ClCompile Include="aiStateIdle.cpp">
      <Filter>AIStateFSM</Filter>
    </ClCompile>
    <ClCompile Include="aiStateDead.cpp">
      <Filter>AIStateFSM</Filter>
    </ClCompile>
    <ClCompile Include="aiStateMoveto.cpp">
      <Filter>AIStateFSM</Filter>
    </ClCompile>
    <ClCompile Include="aiStateScan.cpp">
      <Filter>AIStateFSM</Filter>
    </ClCompile>
    <ClCompile Include="aiStateAttack.cpp">
      <Filter>AIStateFSM</Filter>
    </ClCompile>
    <ClCompile Include="DreamCoastD2D.cpp">
      <Filter>aMain</Filter>
    </ClCompile>
    <ClCompile Include="stdafx.cpp">
      <Filter>aMain</Filter>
    </ClCompile>
    <ClCompile Include="piState.cpp">
      <Filter>Model\Character\Player State</Filter>
    </ClCompile>
    <ClCompile Include="pStateIdle.cpp">
      <Filter>Model\Character\Player State</Filter>
    </ClCompile>
    <ClCompile Include="uiInterface.cpp">
      <Filter>Model\Screen\UI</Filter>
    </ClCompile>
    <ClCompile Include="uiPlayerStatBar.cpp">
      <Filter>Model\Screen\UI</Filter>
    </ClCompile>
    <ClCompile Include="uiGameMiniMap.cpp">
      <Filter>Model\Screen\UI</Filter>
    </ClCompile>
    <ClCompile Include="cResourceManager.cpp">
      <Filter>Core</Filter>
    </ClCompile>
    <ClCompile Include="uiButton.cpp">
      <Filter>Model\Screen\UI</Filter>
    </ClCompile>
    <ClCompile Include="InGameUI.cpp">
      <Filter>Model\Screen\InScreenUI</Filter>
    </ClCompile>
    <ClCompile Include="InMainUI.cpp">
      <Filter>Model\Screen\InScreenUI</Filter>
    </ClCompile>
    <ClCompile Include="iInScreenUI.cpp">
      <Filter>Model\Screen\InScreenUI</Filter>
    </ClCompile>
    <ClCompile Include="uiMenu.cpp">
      <Filter>Model\Screen\UI</Filter>
    </ClCompile>
    <ClCompile Include="cSoundManager.cpp">
      <Filter>Core</Filter>
    </ClCompile>
    <ClCompile Include="mItem.cpp">
      <Filter>Model\Item</Filter>
    </ClCompile>
    <ClCompile Include="mCharacter.cpp">
      <Filter>Model\Character</Filter>
    </ClCompile>
    <ClCompile Include="mEquipped.cpp">
      <Filter>Model\Inventory</Filter>
    </ClCompile>
    <ClCompile Include="mInventory.cpp">
      <Filter>Model\Inventory</Filter>
    </ClCompile>
    <ClCompile Include="uiBelt.cpp">
      <Filter>Model\Screen\UI</Filter>
    </ClCompile>
    <ClCompile Include="mPlayer.cpp">
      <Filter>Model\Character\Player</Filter>
    </ClCompile>
    <ClCompile Include="mPlayerState.cpp">
      <Filter>Model\Character\Player</Filter>
    </ClCompile>
    <ClCompile Include="mPlayerSkill.cpp">
      <Filter>Model\Character\Player</Filter>
    </ClCompile>
    <ClCompile Include="uiInventory.cpp">
      <Filter>Model\Screen\UI</Filter>
    </ClCompile>
    <ClCompile Include="uiStat.cpp">
      <Filter>Model\Screen\UI</Filter>
    </ClCompile>
    <ClCompile Include="uiInGameMenu.cpp">
      <Filter>Model\Screen\UI</Filter>
    </ClCompile>
    <ClCompile Include="mGFX.cpp">
      <Filter>Model\GFX</Filter>
    </ClCompile>
    <ClCompile Include="mEffect.cpp">
      <Filter>Model\GFX\Effect</Filter>
    </ClCompile>
    <ClCompile Include="sEditScreen.cpp">
      <Filter>Model\Screen\Screen</Filter>
    </ClCompile>
    <ClCompile Include="sGameScreen.cpp">
      <Filter>Model\Screen\Screen</Filter>
    </ClCompile>
    <ClCompile Include="sIScreen.cpp">
      <Filter>Model\Screen\Screen</Filter>
    </ClCompile>
    <ClCompile Include="sMainMenuScreen.cpp">
      <Filter>Model\Screen\Screen</Filter>
    </ClCompile>
    <ClCompile Include="sResourceLoad.cpp">
      <Filter>Model\Screen\Screen</Filter>
    </ClCompile>
    <ClCompile Include="uFileControl.cpp">
      <Filter>Util</Filter>
    </ClCompile>
    <ClCompile Include="mObjManager.cpp">
      <Filter>Model\MapObject</Filter>
    </ClCompile>
  </ItemGroup>
  <ItemGroup>
    <ResourceCompile Include="DreamCoastD2D.rc">
      <Filter>Resource Files</Filter>
    </ResourceCompile>
  </ItemGroup>
  <ItemGroup>
    <Image Include="small.ico">
      <Filter>Resource Files</Filter>
    </Image>
    <Image Include="DreamCoastD2D.ico">
      <Filter>Resource Files</Filter>
    </Image>
  </ItemGroup>
  <ItemGroup>
    <Library Include="irrKlang.lib" />
  </ItemGroup>
  <ItemGroup>
    <None Include="ikpFlac.dll" />
    <None Include="ikpMP3.dll" />
    <None Include="irrKlang.dll" />
    <None Include="map1.dat" />
  </ItemGroup>
</Project>