<?xml version="1.0" encoding="utf-8"?>
<Project ToolsVersion="4.0" xmlns="http://schemas.microsoft.com/developer/msbuild/2003">
  <ItemGroup>
    <ClCompile Include="DreamCoastD2D.cpp">
      <Filter>aMain</Filter>
    </ClCompile>
    <ClCompile Include="stdafx.cpp">
      <Filter>aMain</Filter>
    </ClCompile>
    <ClCompile Include="coControl.cpp">
      <Filter>Control</Filter>
    </ClCompile>
    <ClCompile Include="cChatManager.cpp">
      <Filter>Core</Filter>
    </ClCompile>
    <ClCompile Include="cD2DRenderer.cpp">
      <Filter>Core</Filter>
    </ClCompile>
    <ClCompile Include="cGameApplication.cpp">
      <Filter>Core</Filter>
    </ClCompile>
    <ClCompile Include="cGameManager.cpp">
      <Filter>Core</Filter>
    </ClCompile>
    <ClCompile Include="cIChatMgr.cpp">
      <Filter>Core</Filter>
    </ClCompile>
    <ClCompile Include="cIGameMgr.cpp">
      <Filter>Core</Filter>
    </ClCompile>
    <ClCompile Include="cResourceManager.cpp">
      <Filter>Core</Filter>
    </ClCompile>
    <ClCompile Include="cSoundManager.cpp">
      <Filter>Core</Filter>
    </ClCompile>
    <ClCompile Include="netWorkCharManager.cpp">
      <Filter>NetWork\CharClient</Filter>
    </ClCompile>
    <ClCompile Include="char_client.cpp">
      <Filter>NetWork\CharClient</Filter>
    </ClCompile>
    <ClCompile Include="chat_client.cpp">
      <Filter>NetWork\ChatClient</Filter>
    </ClCompile>
    <ClCompile Include="mMonster.cpp">
      <Filter>Model\Character\Mob</Filter>
    </ClCompile>
    <ClCompile Include="aiState.cpp">
      <Filter>Model\Character\MobState</Filter>
    </ClCompile>
    <ClCompile Include="aiStateAttack.cpp">
      <Filter>Model\Character\MobState</Filter>
    </ClCompile>
    <ClCompile Include="aiStateDead.cpp">
      <Filter>Model\Character\MobState</Filter>
    </ClCompile>
    <ClCompile Include="aiStateIdle.cpp">
      <Filter>Model\Character\MobState</Filter>
    </ClCompile>
    <ClCompile Include="aiStateMoveto.cpp">
      <Filter>Model\Character\MobState</Filter>
    </ClCompile>
    <ClCompile Include="aiStateOnCasting.cpp">
      <Filter>Model\Character\MobState</Filter>
    </ClCompile>
    <ClCompile Include="aiStateOnHit.cpp">
      <Filter>Model\Character\MobState</Filter>
    </ClCompile>
    <ClCompile Include="aiStateScan.cpp">
      <Filter>Model\Character\MobState</Filter>
    </ClCompile>
    <ClCompile Include="aiStateSkillEffect.cpp">
      <Filter>Model\Character\MobState</Filter>
    </ClCompile>
    <ClCompile Include="mNetworkObject.cpp">
      <Filter>Model\Character\NetWorkObject</Filter>
    </ClCompile>
    <ClCompile Include="niState.cpp">
      <Filter>Model\Character\NetWorkObject State</Filter>
    </ClCompile>
    <ClCompile Include="nStateIdle.cpp">
      <Filter>Model\Character\NetWorkObject State</Filter>
    </ClCompile>
    <ClCompile Include="nStateMove.cpp">
      <Filter>Model\Character\NetWorkObject State</Filter>
    </ClCompile>
    <ClCompile Include="piState.cpp">
      <Filter>Model\Character\Player State</Filter>
    </ClCompile>
    <ClCompile Include="pStateAttack.cpp">
      <Filter>Model\Character\Player State</Filter>
    </ClCompile>
    <ClCompile Include="pStateIdle.cpp">
      <Filter>Model\Character\Player State</Filter>
    </ClCompile>
    <ClCompile Include="pStateMove.cpp">
      <Filter>Model\Character\Player State</Filter>
    </ClCompile>
    <ClCompile Include="pStateOnCasting.cpp">
      <Filter>Model\Character\Player State</Filter>
    </ClCompile>
    <ClCompile Include="pStateOnDead.cpp">
      <Filter>Model\Character\Player State</Filter>
    </ClCompile>
    <ClCompile Include="pStateOnHit.cpp">
      <Filter>Model\Character\Player State</Filter>
    </ClCompile>
    <ClCompile Include="pStateOnSkillEffect.cpp">
      <Filter>Model\Character\Player State</Filter>
    </ClCompile>
    <ClCompile Include="mPlayer.cpp">
      <Filter>Model\Character\Player</Filter>
    </ClCompile>
    <ClCompile Include="mPlayerSkill.cpp">
      <Filter>Model\Character\Player</Filter>
    </ClCompile>
    <ClCompile Include="mCharacter.cpp">
      <Filter>Model\Character</Filter>
    </ClCompile>
    <ClCompile Include="mEffect.cpp">
      <Filter>Model\GFX\Effect</Filter>
    </ClCompile>
    <ClCompile Include="mGFX.cpp">
      <Filter>Model\GFX</Filter>
    </ClCompile>
    <ClCompile Include="mEquipped.cpp">
      <Filter>Model\Inventory</Filter>
    </ClCompile>
    <ClCompile Include="mInventory.cpp">
      <Filter>Model\Inventory</Filter>
    </ClCompile>
    <ClCompile Include="mItem.cpp">
      <Filter>Model\Item</Filter>
    </ClCompile>
    <ClCompile Include="mBuilding.cpp">
      <Filter>Model\MapObject\Building</Filter>
    </ClCompile>
    <ClCompile Include="iInScreenUI.cpp">
      <Filter>Model\Screen\InScreenUI</Filter>
    </ClCompile>
    <ClCompile Include="InEditUI.cpp">
      <Filter>Model\Screen\InScreenUI</Filter>
    </ClCompile>
    <ClCompile Include="InGameUI.cpp">
      <Filter>Model\Screen\InScreenUI</Filter>
    </ClCompile>
    <ClCompile Include="InMainUI.cpp">
      <Filter>Model\Screen\InScreenUI</Filter>
    </ClCompile>
    <ClCompile Include="wTileMap.cpp">
      <Filter>Model\Screen\World</Filter>
    </ClCompile>
    <ClCompile Include="wWorld.cpp">
      <Filter>Model\Screen\World</Filter>
    </ClCompile>
    <ClCompile Include="uiBelt.cpp">
      <Filter>Model\Screen\UI</Filter>
    </ClCompile>
    <ClCompile Include="uiButton.cpp">
      <Filter>Model\Screen\UI</Filter>
    </ClCompile>
    <ClCompile Include="uiGameMiniMap.cpp">
      <Filter>Model\Screen\UI</Filter>
    </ClCompile>
    <ClCompile Include="uiInGameMenu.cpp">
      <Filter>Model\Screen\UI</Filter>
    </ClCompile>
    <ClCompile Include="uiInterface.cpp">
      <Filter>Model\Screen\UI</Filter>
    </ClCompile>
    <ClCompile Include="uiInventory.cpp">
      <Filter>Model\Screen\UI</Filter>
    </ClCompile>
    <ClCompile Include="uiMenu.cpp">
      <Filter>Model\Screen\UI</Filter>
    </ClCompile>
    <ClCompile Include="uiPlayerStatBar.cpp">
      <Filter>Model\Screen\UI</Filter>
    </ClCompile>
    <ClCompile Include="uiStat.cpp">
      <Filter>Model\Screen\UI</Filter>
    </ClCompile>
    <ClCompile Include="sEditScreen.cpp">
      <Filter>Model\Screen\Screen</Filter>
    </ClCompile>
    <ClCompile Include="sGameScreen.cpp">
      <Filter>Model\Screen\Screen</Filter>
    </ClCompile>
    <ClCompile Include="sIScreen.cpp">
      <Filter>Model\Screen\Screen</Filter>
    </ClCompile>
    <ClCompile Include="sMainMenuScreen.cpp">
      <Filter>Model\Screen\Screen</Filter>
    </ClCompile>
    <ClCompile Include="sResourceLoad.cpp">
      <Filter>Model\Screen\Screen</Filter>
    </ClCompile>
    <ClCompile Include="uAnimationLoader.cpp">
      <Filter>Util</Filter>
    </ClCompile>
    <ClCompile Include="uCamera.cpp">
      <Filter>Util</Filter>
    </ClCompile>
    <ClCompile Include="uFileControl.cpp">
      <Filter>Util</Filter>
    </ClCompile>
    <ClCompile Include="uSprite.cpp">
      <Filter>Util</Filter>
    </ClCompile>
    <ClCompile Include="uTile.cpp">
      <Filter>Util</Filter>
    </ClCompile>
    <ClCompile Include="VECTOR2D.cpp">
      <Filter>Util</Filter>
    </ClCompile>
    <ClCompile Include="Trash.cpp">
      <Filter>Util</Filter>
    </ClCompile>
  </ItemGroup>
  <ItemGroup>
    <ClInclude Include="DreamCoastD2D.h">
      <Filter>aMain</Filter>
    </ClInclude>
    <ClInclude Include="Resource.h">
      <Filter>aMain</Filter>
    </ClInclude>
    <ClInclude Include="Singleton.h">
      <Filter>aMain</Filter>
    </ClInclude>
    <ClInclude Include="stdafx.h">
      <Filter>aMain</Filter>
    </ClInclude>
    <ClInclude Include="targetver.h">
      <Filter>aMain</Filter>
    </ClInclude>
    <ClInclude Include="coControl.h">
      <Filter>Control</Filter>
    </ClInclude>
    <ClInclude Include="cChatManager.h">
      <Filter>Core</Filter>
    </ClInclude>
    <ClInclude Include="cD2DRenderer.h">
      <Filter>Core</Filter>
    </ClInclude>
    <ClInclude Include="cGameApplication.h">
      <Filter>Core</Filter>
    </ClInclude>
    <ClInclude Include="cGameManager.h">
      <Filter>Core</Filter>
    </ClInclude>
    <ClInclude Include="cIChatMgr.h">
      <Filter>Core</Filter>
    </ClInclude>
    <ClInclude Include="cIGameMgr.h">
      <Filter>Core</Filter>
    </ClInclude>
    <ClInclude Include="cResourceID.h">
      <Filter>Core</Filter>
    </ClInclude>
    <ClInclude Include="cResourceManager.h">
      <Filter>Core</Filter>
    </ClInclude>
    <ClInclude Include="cSoundManager.h">
      <Filter>Core</Filter>
    </ClInclude>
    <ClInclude Include="netWorkCharManager.h">
      <Filter>NetWork\CharClient</Filter>
    </ClInclude>
    <ClInclude Include="char_client.h">
      <Filter>NetWork\CharClient</Filter>
    </ClInclude>
    <ClInclude Include="chat_client.h">
      <Filter>NetWork\ChatClient</Filter>
    </ClInclude>
    <ClInclude Include="mMonster.h">
      <Filter>Model\Character\Mob</Filter>
    </ClInclude>
    <ClInclude Include="aiState.h">
      <Filter>Model\Character\MobState</Filter>
    </ClInclude>
    <ClInclude Include="aiStateAttack.h">
      <Filter>Model\Character\MobState</Filter>
    </ClInclude>
    <ClInclude Include="aiStateDead.h">
      <Filter>Model\Character\MobState</Filter>
    </ClInclude>
    <ClInclude Include="aiStateIdle.h">
      <Filter>Model\Character\MobState</Filter>
    </ClInclude>
    <ClInclude Include="aiStateMoveto.h">
      <Filter>Model\Character\MobState</Filter>
    </ClInclude>
    <ClInclude Include="aiStateOnCasting.h">
      <Filter>Model\Character\MobState</Filter>
    </ClInclude>
    <ClInclude Include="aiStateOnHit.h">
      <Filter>Model\Character\MobState</Filter>
    </ClInclude>
    <ClInclude Include="aiStateScan.h">
      <Filter>Model\Character\MobState</Filter>
    </ClInclude>
    <ClInclude Include="aiStateSkillEffect.h">
      <Filter>Model\Character\MobState</Filter>
    </ClInclude>
    <ClInclude Include="mNetworkObject.h">
      <Filter>Model\Character\NetWorkObject</Filter>
    </ClInclude>
    <ClInclude Include="niState.h">
      <Filter>Model\Character\NetWorkObject State</Filter>
    </ClInclude>
    <ClInclude Include="nStateIdle.h">
      <Filter>Model\Character\NetWorkObject State</Filter>
    </ClInclude>
    <ClInclude Include="nStateMove.h">
      <Filter>Model\Character\NetWorkObject State</Filter>
    </ClInclude>
    <ClInclude Include="piState.h">
      <Filter>Model\Character\Player State</Filter>
    </ClInclude>
    <ClInclude Include="pStateAttack.h">
      <Filter>Model\Character\Player State</Filter>
    </ClInclude>
    <ClInclude Include="pStateIdle.h">
      <Filter>Model\Character\Player State</Filter>
    </ClInclude>
    <ClInclude Include="pStateMove.h">
      <Filter>Model\Character\Player State</Filter>
    </ClInclude>
    <ClInclude Include="pStateOnCasting.h">
      <Filter>Model\Character\Player State</Filter>
    </ClInclude>
    <ClInclude Include="pStateOnDead.h">
      <Filter>Model\Character\Player State</Filter>
    </ClInclude>
    <ClInclude Include="pStateOnHit.h">
      <Filter>Model\Character\Player State</Filter>
    </ClInclude>
    <ClInclude Include="pStateOnSkillEffect.h">
      <Filter>Model\Character\Player State</Filter>
    </ClInclude>
    <ClInclude Include="mPlayer.h">
      <Filter>Model\Character\Player</Filter>
    </ClInclude>
    <ClInclude Include="movePacket.h">
      <Filter>NetWork\CharClient</Filter>
    </ClInclude>
    <ClInclude Include="IGObject.h">
      <Filter>Model\Character</Filter>
    </ClInclude>
    <ClInclude Include="mCharacter.h">
      <Filter>Model\Character</Filter>
    </ClInclude>
    <ClInclude Include="mEffect.h">
      <Filter>Model\GFX\Effect</Filter>
    </ClInclude>
    <ClInclude Include="IEffect.h">
      <Filter>Model\GFX\Effect</Filter>
    </ClInclude>
    <ClInclude Include="mGFX.h">
      <Filter>Model\GFX</Filter>
    </ClInclude>
    <ClInclude Include="IInventory.h">
      <Filter>Model\Inventory</Filter>
    </ClInclude>
    <ClInclude Include="mEquipped.h">
      <Filter>Model\Inventory</Filter>
    </ClInclude>
    <ClInclude Include="mInventory.h">
      <Filter>Model\Inventory</Filter>
    </ClInclude>
    <ClInclude Include="IItem.h">
      <Filter>Model\Item</Filter>
    </ClInclude>
    <ClInclude Include="mItem.h">
      <Filter>Model\Item</Filter>
    </ClInclude>
    <ClInclude Include="IMapObject.h">
      <Filter>Model\MapObject\Building</Filter>
    </ClInclude>
    <ClInclude Include="mBuilding.h">
      <Filter>Model\MapObject\Building</Filter>
    </ClInclude>
    <ClInclude Include="iInScreenUI.h">
      <Filter>Model\Screen\InScreenUI</Filter>
    </ClInclude>
    <ClInclude Include="InEditUI.h">
      <Filter>Model\Screen\InScreenUI</Filter>
    </ClInclude>
    <ClInclude Include="InGameUI.h">
      <Filter>Model\Screen\InScreenUI</Filter>
    </ClInclude>
    <ClInclude Include="InMainUI.h">
      <Filter>Model\Screen\InScreenUI</Filter>
    </ClInclude>
    <ClInclude Include="wWorld.h">
      <Filter>Model\Screen\World</Filter>
    </ClInclude>
    <ClInclude Include="wTileMap.h">
      <Filter>Model\Screen\World</Filter>
    </ClInclude>
    <ClInclude Include="uiBelt.h">
      <Filter>Model\Screen\UI</Filter>
    </ClInclude>
    <ClInclude Include="uiButton.h">
      <Filter>Model\Screen\UI</Filter>
    </ClInclude>
    <ClInclude Include="uiGameMiniMap.h">
      <Filter>Model\Screen\UI</Filter>
    </ClInclude>
    <ClInclude Include="uiInGameMenu.h">
      <Filter>Model\Screen\UI</Filter>
    </ClInclude>
    <ClInclude Include="uiInterface.h">
      <Filter>Model\Screen\UI</Filter>
    </ClInclude>
    <ClInclude Include="uiInventory.h">
      <Filter>Model\Screen\UI</Filter>
    </ClInclude>
    <ClInclude Include="uiMenu.h">
      <Filter>Model\Screen\UI</Filter>
    </ClInclude>
    <ClInclude Include="uiPlayerStatBar.h">
      <Filter>Model\Screen\UI</Filter>
    </ClInclude>
    <ClInclude Include="uiStat.h">
      <Filter>Model\Screen\UI</Filter>
    </ClInclude>
    <ClInclude Include="sEditScreen.h">
      <Filter>Model\Screen\Screen</Filter>
    </ClInclude>
    <ClInclude Include="sGameScreen.h">
      <Filter>Model\Screen\Screen</Filter>
    </ClInclude>
    <ClInclude Include="sIScreen.h">
      <Filter>Model\Screen\Screen</Filter>
    </ClInclude>
    <ClInclude Include="sMainMenuScreen.h">
      <Filter>Model\Screen\Screen</Filter>
    </ClInclude>
    <ClInclude Include="sResourceLoad.h">
      <Filter>Model\Screen\Screen</Filter>
    </ClInclude>
    <ClInclude Include="uAnimationLoader.h">
      <Filter>Util</Filter>
    </ClInclude>
    <ClInclude Include="uCamera.h">
      <Filter>Util</Filter>
    </ClInclude>
    <ClInclude Include="uFileControl.h">
      <Filter>Util</Filter>
    </ClInclude>
    <ClInclude Include="uSprite.h">
      <Filter>Util</Filter>
    </ClInclude>
    <ClInclude Include="uTile.h">
      <Filter>Util</Filter>
    </ClInclude>
    <ClInclude Include="VECTOR2D.h">
      <Filter>Util</Filter>
    </ClInclude>
    <ClInclude Include="DB_Skill_Area_List.h">
      <Filter>Model\Character\Player</Filter>
    </ClInclude>
  </ItemGroup>
  <ItemGroup>
    <Library Include="irrKlang.lib" />
  </ItemGroup>
  <ItemGroup>
    <Image Include="DreamCoastD2D.ico">
      <Filter>Resource Files</Filter>
    </Image>
    <Image Include="small.ico">
      <Filter>Resource Files</Filter>
    </Image>
  </ItemGroup>
  <ItemGroup>
    <None Include="ikpFlac.dll" />
    <None Include="ikpMP3.dll" />
    <None Include="irrKlang.dll" />
    <None Include="map1.dat" />
  </ItemGroup>
  <ItemGroup>
    <Text Include="ReadMe.txt" />
  </ItemGroup>
  <ItemGroup>
    <Filter Include="aMain">
      <UniqueIdentifier>{bce35cc6-dc09-4efd-b095-321678e6e28e}</UniqueIdentifier>
    </Filter>
    <Filter Include="Control">
      <UniqueIdentifier>{5e25863b-1a2b-485b-ad0a-c5a6004332c8}</UniqueIdentifier>
    </Filter>
    <Filter Include="Core">
      <UniqueIdentifier>{b0d5ca65-c5e7-435a-b99c-ad69ecda04f1}</UniqueIdentifier>
    </Filter>
    <Filter Include="NetWork">
      <UniqueIdentifier>{292d3771-d608-4eb5-b9ea-761e75392b4a}</UniqueIdentifier>
    </Filter>
    <Filter Include="NetWork\CharClient">
      <UniqueIdentifier>{d7e7ef97-f5b8-4601-9440-e34854bc9768}</UniqueIdentifier>
    </Filter>
    <Filter Include="NetWork\ChatClient">
      <UniqueIdentifier>{c92478b3-c4f8-43df-8181-79d08f938e5a}</UniqueIdentifier>
    </Filter>
    <Filter Include="Resource Files">
      <UniqueIdentifier>{30b0bfa8-b265-47b2-b7e9-5adcdeb15ed5}</UniqueIdentifier>
    </Filter>
    <Filter Include="Model">
      <UniqueIdentifier>{eecd3215-f63f-497a-aeac-7e401bba7e15}</UniqueIdentifier>
    </Filter>
    <Filter Include="Model\Character">
      <UniqueIdentifier>{3b4b27c8-2dfb-4e00-9736-7eaf50a40941}</UniqueIdentifier>
    </Filter>
    <Filter Include="Model\Character\Mob">
      <UniqueIdentifier>{92702487-e46d-4aae-ac1a-23c8960bbc65}</UniqueIdentifier>
    </Filter>
    <Filter Include="Model\Character\MobState">
      <UniqueIdentifier>{f4ead700-6be6-485e-aada-14bb455d8b11}</UniqueIdentifier>
    </Filter>
    <Filter Include="Model\Character\NetWorkObject">
      <UniqueIdentifier>{8c406256-d9d4-45a8-8825-145ec764ca5a}</UniqueIdentifier>
    </Filter>
    <Filter Include="Model\Character\NetWorkObject State">
      <UniqueIdentifier>{095fa139-f33b-460e-b9c2-2cc09e7c1d6b}</UniqueIdentifier>
    </Filter>
    <Filter Include="Model\Character\Player">
      <UniqueIdentifier>{39d7db26-8e78-45f4-9a5c-b1d8d39cf6e9}</UniqueIdentifier>
    </Filter>
    <Filter Include="Model\Character\Player State">
      <UniqueIdentifier>{986763b8-711f-460a-8d87-cb7d90c05e6a}</UniqueIdentifier>
    </Filter>
    <Filter Include="Model\GFX">
      <UniqueIdentifier>{d8b9a6e8-a3ec-4f93-8760-bed2fb1b3fda}</UniqueIdentifier>
    </Filter>
    <Filter Include="Model\GFX\Effect">
      <UniqueIdentifier>{aa491596-3375-4392-839b-6b41b9c4da7c}</UniqueIdentifier>
    </Filter>
    <Filter Include="Model\Inventory">
      <UniqueIdentifier>{efff255e-cc89-4919-920a-86c2e090cfdb}</UniqueIdentifier>
    </Filter>
    <Filter Include="Model\Item">
      <UniqueIdentifier>{ada1d76b-814b-47c2-8991-0a41a0b19b15}</UniqueIdentifier>
    </Filter>
    <Filter Include="Model\MapObject">
      <UniqueIdentifier>{c7203002-2c64-4a3f-9326-407bcc0a9a08}</UniqueIdentifier>
    </Filter>
    <Filter Include="Model\MapObject\Building">
      <UniqueIdentifier>{fa566f7c-519c-4731-b42b-08668f9d7339}</UniqueIdentifier>
    </Filter>
    <Filter Include="Model\Screen">
      <UniqueIdentifier>{592fc054-2cdf-4c70-a472-c53dcd7966a0}</UniqueIdentifier>
    </Filter>
    <Filter Include="Model\Screen\InScreenUI">
      <UniqueIdentifier>{86372998-2ef7-4253-a551-37be57d6a28c}</UniqueIdentifier>
    </Filter>
    <Filter Include="Model\Screen\Screen">
      <UniqueIdentifier>{295a4577-73fe-4bde-923d-c6e5e3aa3128}</UniqueIdentifier>
    </Filter>
    <Filter Include="Model\Screen\UI">
      <UniqueIdentifier>{b26bb87f-bda6-4829-bb71-f8e446ab83c8}</UniqueIdentifier>
    </Filter>
    <Filter Include="Model\Screen\World">
      <UniqueIdentifier>{da3f7eb2-d5d4-423f-9f31-3975c3f631b0}</UniqueIdentifier>
    </Filter>
    <Filter Include="Util">
      <UniqueIdentifier>{99e54248-e93d-4358-8cff-f78e2a01948e}</UniqueIdentifier>
    </Filter>
  </ItemGroup>
  <ItemGroup>
    <ResourceCompile Include="DreamCoastD2D.rc">
      <Filter>Resource Files</Filter>
    </ResourceCompile>
  </ItemGroup>
</Project>